
Microsoft Visual Studio Solution File, Format Version 12.00
# Visual Studio 14
VisualStudioVersion = 14.0.25420.1
MinimumVisualStudioVersion = 10.0.40219.1
Project("{FAE04EC0-301F-11D3-BF4B-00C04F79EFBC}") = "AdvertManageClient", "AdvertManageClient\AdvertManageClient.csproj", "{79BBC01A-60C5-4FE3-81C7-44C75397C486}"
EndProject
Project("{FAE04EC0-301F-11D3-BF4B-00C04F79EFBC}") = "AMS.BllService", "AMS.BllService\AMS.BllService.csproj", "{110A5FE9-68EA-4416-B7F5-599644F989D5}"
EndProject
Project("{FAE04EC0-301F-11D3-BF4B-00C04F79EFBC}") = "AMS.DAL", "AMS.DAL\AMS.DAL.csproj", "{74834339-F663-4FB5-A4F3-6860FC822B99}"
EndProject
Project("{FAE04EC0-301F-11D3-BF4B-00C04F79EFBC}") = "AMS.IBllService", "AMS.IBllService\AMS.IBllService.csproj", "{B0CF0C3C-DA9A-4BC0-82EB-24277A1AF8C9}"
EndProject
Project("{FAE04EC0-301F-11D3-BF4B-00C04F79EFBC}") = "AMS.Model", "AMS.Model\AMS.Model.csproj", "{E523D887-004C-41D9-B9A3-6FC088C9CF92}"
EndProject
Project("{FAE04EC0-301F-11D3-BF4B-00C04F79EFBC}") = "AMS.ServiceConnectChannel", "AMS.ServiceConnectChannel\AMS.ServiceConnectChannel.csproj", "{01550895-8DB9-406F-AB0A-DEF7127C8E53}"
EndProject
Project("{FAE04EC0-301F-11D3-BF4B-00C04F79EFBC}") = "AMS.ServiceProxy", "AMS.ServiceProxy\AMS.ServiceProxy.csproj", "{E7CDB80D-0EF6-47E6-954C-579D355A3B26}"
EndProject
Project("{FAE04EC0-301F-11D3-BF4B-00C04F79EFBC}") = "AMS.ViewModel", "AMS.ViewModel\AMS.ViewModel.csproj", "{9B81ED90-5AFC-41CC-86B5-B8A133D1552F}"
EndProject
Project("{FAE04EC0-301F-11D3-BF4B-00C04F79EFBC}") = "AuthorizeVerify", "AuthorizeVerify\AuthorizeVerify.csproj", "{7CEE58EC-8892-40D3-8DC3-4231054851D3}"
EndProject
Project("{FAE04EC0-301F-11D3-BF4B-00C04F79EFBC}") = "DBUtility", "DBUtility\DBUtility.csproj", "{E36B0E11-7FC9-4224-850F-E10CB57FB284}"
EndProject
Project("{FAE04EC0-301F-11D3-BF4B-00C04F79EFBC}") = "EnumType", "EnumType\EnumType.csproj", "{3E7C2198-F6B3-4FAE-8EBF-2271E752DFF3}"
EndProject
Project("{FAE04EC0-301F-11D3-BF4B-00C04F79EFBC}") = "IWCFService", "IWCFService\IWCFService.csproj", "{F7C44CB4-96BD-4B90-BC1A-A4313D362FE9}"
EndProject
Project("{FAE04EC0-301F-11D3-BF4B-00C04F79EFBC}") = "IWCFService.TransportService", "IWCFService.TransportService\IWCFService.TransportService.csproj", "{19B2BF43-EB86-450B-80C5-9BE4ADFA5420}"
EndProject
Project("{FAE04EC0-301F-11D3-BF4B-00C04F79EFBC}") = "SeatManage.BllV2", "SeatManage.BLL\SeatManage.BllV2.csproj", "{82DDB168-DDE2-4A20-A4C2-801B0E3F7172}"
EndProject
Project("{FAE04EC0-301F-11D3-BF4B-00C04F79EFBC}") = "SeatManage.WcfAccessProxy", "SeatManage.WcfAccessProxy\SeatManage.WcfAccessProxy.csproj", "{E64D1E5D-7078-48A9-83EF-833C3D282F5D}"
EndProject
Project("{FAE04EC0-301F-11D3-BF4B-00C04F79EFBC}") = "SeatManageClassModel", "SeatManageClassModel\SeatManageClassModel.csproj", "{E90FBBAD-98DA-4A34-B620-26DA9ADDDF85}"
EndProject
Project("{FAE04EC0-301F-11D3-BF4B-00C04F79EFBC}") = "SeatManageComm", "SeatManageComm\SeatManageComm.csproj", "{19063808-3340-4563-8B40-573D8DD0BABA}"
EndProject
Global
	GlobalSection(SolutionConfigurationPlatforms) = preSolution
		Debug|Any CPU = Debug|Any CPU
		Debug|x86 = Debug|x86
		Release|Any CPU = Release|Any CPU
		Release|x86 = Release|x86
	EndGlobalSection
	GlobalSection(ProjectConfigurationPlatforms) = postSolution
		{79BBC01A-60C5-4FE3-81C7-44C75397C486}.Debug|Any CPU.ActiveCfg = Debug|x86
		{79BBC01A-60C5-4FE3-81C7-44C75397C486}.Debug|x86.ActiveCfg = Debug|x86
		{79BBC01A-60C5-4FE3-81C7-44C75397C486}.Debug|x86.Build.0 = Debug|x86
		{79BBC01A-60C5-4FE3-81C7-44C75397C486}.Release|Any CPU.ActiveCfg = Release|x86
		{79BBC01A-60C5-4FE3-81C7-44C75397C486}.Release|x86.ActiveCfg = Release|x86
		{79BBC01A-60C5-4FE3-81C7-44C75397C486}.Release|x86.Build.0 = Release|x86
		{110A5FE9-68EA-4416-B7F5-599644F989D5}.Debug|Any CPU.ActiveCfg = Debug|Any CPU
		{110A5FE9-68EA-4416-B7F5-599644F989D5}.Debug|Any CPU.Build.0 = Debug|Any CPU
		{110A5FE9-68EA-4416-B7F5-599644F989D5}.Debug|x86.ActiveCfg = Debug|x86
		{110A5FE9-68EA-4416-B7F5-599644F989D5}.Debug|x86.Build.0 = Debug|x86
		{110A5FE9-68EA-4416-B7F5-599644F989D5}.Release|Any CPU.ActiveCfg = Release|Any CPU
		{110A5FE9-68EA-4416-B7F5-599644F989D5}.Release|Any CPU.Build.0 = Release|Any CPU
		{110A5FE9-68EA-4416-B7F5-599644F989D5}.Release|x86.ActiveCfg = Release|x86
		{110A5FE9-68EA-4416-B7F5-599644F989D5}.Release|x86.Build.0 = Release|x86
		{74834339-F663-4FB5-A4F3-6860FC822B99}.Debug|Any CPU.ActiveCfg = Debug|Any CPU
		{74834339-F663-4FB5-A4F3-6860FC822B99}.Debug|Any CPU.Build.0 = Debug|Any CPU
		{74834339-F663-4FB5-A4F3-6860FC822B99}.Debug|x86.ActiveCfg = Debug|x86
		{74834339-F663-4FB5-A4F3-6860FC822B99}.Debug|x86.Build.0 = Debug|x86
		{74834339-F663-4FB5-A4F3-6860FC822B99}.Release|Any CPU.ActiveCfg = Release|Any CPU
		{74834339-F663-4FB5-A4F3-6860FC822B99}.Release|Any CPU.Build.0 = Release|Any CPU
		{74834339-F663-4FB5-A4F3-6860FC822B99}.Release|x86.ActiveCfg = Release|x86
		{74834339-F663-4FB5-A4F3-6860FC822B99}.Release|x86.Build.0 = Release|x86
		{B0CF0C3C-DA9A-4BC0-82EB-24277A1AF8C9}.Debug|Any CPU.ActiveCfg = Debug|Any CPU
		{B0CF0C3C-DA9A-4BC0-82EB-24277A1AF8C9}.Debug|Any CPU.Build.0 = Debug|Any CPU
		{B0CF0C3C-DA9A-4BC0-82EB-24277A1AF8C9}.Debug|x86.ActiveCfg = Debug|x86
		{B0CF0C3C-DA9A-4BC0-82EB-24277A1AF8C9}.Debug|x86.Build.0 = Debug|x86
		{B0CF0C3C-DA9A-4BC0-82EB-24277A1AF8C9}.Release|Any CPU.ActiveCfg = Release|Any CPU
		{B0CF0C3C-DA9A-4BC0-82EB-24277A1AF8C9}.Release|Any CPU.Build.0 = Release|Any CPU
		{B0CF0C3C-DA9A-4BC0-82EB-24277A1AF8C9}.Release|x86.ActiveCfg = Release|x86
		{B0CF0C3C-DA9A-4BC0-82EB-24277A1AF8C9}.Release|x86.Build.0 = Release|x86
		{E523D887-004C-41D9-B9A3-6FC088C9CF92}.Debug|Any CPU.ActiveCfg = Debug|Any CPU
		{E523D887-004C-41D9-B9A3-6FC088C9CF92}.Debug|Any CPU.Build.0 = Debug|Any CPU
		{E523D887-004C-41D9-B9A3-6FC088C9CF92}.Debug|x86.ActiveCfg = Debug|x86
		{E523D887-004C-41D9-B9A3-6FC088C9CF92}.Debug|x86.Build.0 = Debug|x86
		{E523D887-004C-41D9-B9A3-6FC088C9CF92}.Release|Any CPU.ActiveCfg = Release|Any CPU
		{E523D887-004C-41D9-B9A3-6FC088C9CF92}.Release|Any CPU.Build.0 = Release|Any CPU
		{E523D887-004C-41D9-B9A3-6FC088C9CF92}.Release|x86.ActiveCfg = Release|x86
		{E523D887-004C-41D9-B9A3-6FC088C9CF92}.Release|x86.Build.0 = Release|x86
		{01550895-8DB9-406F-AB0A-DEF7127C8E53}.Debug|Any CPU.ActiveCfg = Debug|Any CPU
		{01550895-8DB9-406F-AB0A-DEF7127C8E53}.Debug|Any CPU.Build.0 = Debug|Any CPU
		{01550895-8DB9-406F-AB0A-DEF7127C8E53}.Debug|x86.ActiveCfg = Debug|x86
		{01550895-8DB9-406F-AB0A-DEF7127C8E53}.Debug|x86.Build.0 = Debug|x86
		{01550895-8DB9-406F-AB0A-DEF7127C8E53}.Release|Any CPU.ActiveCfg = Release|Any CPU
		{01550895-8DB9-406F-AB0A-DEF7127C8E53}.Release|Any CPU.Build.0 = Release|Any CPU
		{01550895-8DB9-406F-AB0A-DEF7127C8E53}.Release|x86.ActiveCfg = Release|x86
		{01550895-8DB9-406F-AB0A-DEF7127C8E53}.Release|x86.Build.0 = Release|x86
		{E7CDB80D-0EF6-47E6-954C-579D355A3B26}.Debug|Any CPU.ActiveCfg = Debug|Any CPU
		{E7CDB80D-0EF6-47E6-954C-579D355A3B26}.Debug|Any CPU.Build.0 = Debug|Any CPU
		{E7CDB80D-0EF6-47E6-954C-579D355A3B26}.Debug|x86.ActiveCfg = Debug|x86
		{E7CDB80D-0EF6-47E6-954C-579D355A3B26}.Debug|x86.Build.0 = Debug|x86
		{E7CDB80D-0EF6-47E6-954C-579D355A3B26}.Release|Any CPU.ActiveCfg = Release|Any CPU
		{E7CDB80D-0EF6-47E6-954C-579D355A3B26}.Release|Any CPU.Build.0 = Release|Any CPU
		{E7CDB80D-0EF6-47E6-954C-579D355A3B26}.Release|x86.ActiveCfg = Release|x86
		{E7CDB80D-0EF6-47E6-954C-579D355A3B26}.Release|x86.Build.0 = Release|x86
		{9B81ED90-5AFC-41CC-86B5-B8A133D1552F}.Debug|Any CPU.ActiveCfg = Debug|Any CPU
		{9B81ED90-5AFC-41CC-86B5-B8A133D1552F}.Debug|Any CPU.Build.0 = Debug|Any CPU
		{9B81ED90-5AFC-41CC-86B5-B8A133D1552F}.Debug|x86.ActiveCfg = Debug|x86
		{9B81ED90-5AFC-41CC-86B5-B8A133D1552F}.Debug|x86.Build.0 = Debug|x86
		{9B81ED90-5AFC-41CC-86B5-B8A133D1552F}.Release|Any CPU.ActiveCfg = Release|Any CPU
		{9B81ED90-5AFC-41CC-86B5-B8A133D1552F}.Release|Any CPU.Build.0 = Release|Any CPU
		{9B81ED90-5AFC-41CC-86B5-B8A133D1552F}.Release|x86.ActiveCfg = Release|x86
		{9B81ED90-5AFC-41CC-86B5-B8A133D1552F}.Release|x86.Build.0 = Release|x86
		{7CEE58EC-8892-40D3-8DC3-4231054851D3}.Debug|Any CPU.ActiveCfg = Debug|Any CPU
		{7CEE58EC-8892-40D3-8DC3-4231054851D3}.Debug|Any CPU.Build.0 = Debug|Any CPU
		{7CEE58EC-8892-40D3-8DC3-4231054851D3}.Debug|x86.ActiveCfg = Debug|x86
		{7CEE58EC-8892-40D3-8DC3-4231054851D3}.Debug|x86.Build.0 = Debug|x86
		{7CEE58EC-8892-40D3-8DC3-4231054851D3}.Release|Any CPU.ActiveCfg = Release|Any CPU
		{7CEE58EC-8892-40D3-8DC3-4231054851D3}.Release|Any CPU.Build.0 = Release|Any CPU
		{7CEE58EC-8892-40D3-8DC3-4231054851D3}.Release|x86.ActiveCfg = Release|x86
		{7CEE58EC-8892-40D3-8DC3-4231054851D3}.Release|x86.Build.0 = Release|x86
		{E36B0E11-7FC9-4224-850F-E10CB57FB284}.Debug|Any CPU.ActiveCfg = Debug|Any CPU
		{E36B0E11-7FC9-4224-850F-E10CB57FB284}.Debug|Any CPU.Build.0 = Debug|Any CPU
		{E36B0E11-7FC9-4224-850F-E10CB57FB284}.Debug|x86.ActiveCfg = Debug|x86
		{E36B0E11-7FC9-4224-850F-E10CB57FB284}.Debug|x86.Build.0 = Debug|x86
		{E36B0E11-7FC9-4224-850F-E10CB57FB284}.Release|Any CPU.ActiveCfg = Release|Any CPU
		{E36B0E11-7FC9-4224-850F-E10CB57FB284}.Release|Any CPU.Build.0 = Release|Any CPU
		{E36B0E11-7FC9-4224-850F-E10CB57FB284}.Release|x86.ActiveCfg = Release|x86
		{E36B0E11-7FC9-4224-850F-E10CB57FB284}.Release|x86.Build.0 = Release|x86
		{3E7C2198-F6B3-4FAE-8EBF-2271E752DFF3}.Debug|Any CPU.ActiveCfg = Debug|Any CPU
		{3E7C2198-F6B3-4FAE-8EBF-2271E752DFF3}.Debug|Any CPU.Build.0 = Debug|Any CPU
		{3E7C2198-F6B3-4FAE-8EBF-2271E752DFF3}.Debug|x86.ActiveCfg = Debug|x86
		{3E7C2198-F6B3-4FAE-8EBF-2271E752DFF3}.Debug|x86.Build.0 = Debug|x86
		{3E7C2198-F6B3-4FAE-8EBF-2271E752DFF3}.Release|Any CPU.ActiveCfg = Release|Any CPU
		{3E7C2198-F6B3-4FAE-8EBF-2271E752DFF3}.Release|Any CPU.Build.0 = Release|Any CPU
		{3E7C2198-F6B3-4FAE-8EBF-2271E752DFF3}.Release|x86.ActiveCfg = Release|x86
		{3E7C2198-F6B3-4FAE-8EBF-2271E752DFF3}.Release|x86.Build.0 = Release|x86
		{F7C44CB4-96BD-4B90-BC1A-A4313D362FE9}.Debug|Any CPU.ActiveCfg = Debug|Any CPU
		{F7C44CB4-96BD-4B90-BC1A-A4313D362FE9}.Debug|Any CPU.Build.0 = Debug|Any CPU
		{F7C44CB4-96BD-4B90-BC1A-A4313D362FE9}.Debug|x86.ActiveCfg = Debug|x86
		{F7C44CB4-96BD-4B90-BC1A-A4313D362FE9}.Debug|x86.Build.0 = Debug|x86
		{F7C44CB4-96BD-4B90-BC1A-A4313D362FE9}.Release|Any CPU.ActiveCfg = Release|Any CPU
		{F7C44CB4-96BD-4B90-BC1A-A4313D362FE9}.Release|Any CPU.Build.0 = Release|Any CPU
		{F7C44CB4-96BD-4B90-BC1A-A4313D362FE9}.Release|x86.ActiveCfg = Release|x86
		{F7C44CB4-96BD-4B90-BC1A-A4313D362FE9}.Release|x86.Build.0 = Release|x86
		{19B2BF43-EB86-450B-80C5-9BE4ADFA5420}.Debug|Any CPU.ActiveCfg = Debug|Any CPU
		{19B2BF43-EB86-450B-80C5-9BE4ADFA5420}.Debug|Any CPU.Build.0 = Debug|Any CPU
		{19B2BF43-EB86-450B-80C5-9BE4ADFA5420}.Debug|x86.ActiveCfg = Debug|x86
		{19B2BF43-EB86-450B-80C5-9BE4ADFA5420}.Debug|x86.Build.0 = Debug|x86
		{19B2BF43-EB86-450B-80C5-9BE4ADFA5420}.Release|Any CPU.ActiveCfg = Release|Any CPU
		{19B2BF43-EB86-450B-80C5-9BE4ADFA5420}.Release|Any CPU.Build.0 = Release|Any CPU
		{19B2BF43-EB86-450B-80C5-9BE4ADFA5420}.Release|x86.ActiveCfg = Release|x86
		{19B2BF43-EB86-450B-80C5-9BE4ADFA5420}.Release|x86.Build.0 = Release|x86
		{82DDB168-DDE2-4A20-A4C2-801B0E3F7172}.Debug|Any CPU.ActiveCfg = Debug|Any CPU
		{82DDB168-DDE2-4A20-A4C2-801B0E3F7172}.Debug|Any CPU.Build.0 = Debug|Any CPU
		{82DDB168-DDE2-4A20-A4C2-801B0E3F7172}.Debug|x86.ActiveCfg = Debug|x86
		{82DDB168-DDE2-4A20-A4C2-801B0E3F7172}.Debug|x86.Build.0 = Debug|x86
		{82DDB168-DDE2-4A20-A4C2-801B0E3F7172}.Release|Any CPU.ActiveCfg = Release|Any CPU
		{82DDB168-DDE2-4A20-A4C2-801B0E3F7172}.Release|Any CPU.Build.0 = Release|Any CPU
		{82DDB168-DDE2-4A20-A4C2-801B0E3F7172}.Release|x86.ActiveCfg = Release|x86
		{82DDB168-DDE2-4A20-A4C2-801B0E3F7172}.Release|x86.Build.0 = Release|x86
		{E64D1E5D-7078-48A9-83EF-833C3D282F5D}.Debug|Any CPU.ActiveCfg = Debug|Any CPU
		{E64D1E5D-7078-48A9-83EF-833C3D282F5D}.Debug|Any CPU.Build.0 = Debug|Any CPU
		{E64D1E5D-7078-48A9-83EF-833C3D282F5D}.Debug|x86.ActiveCfg = Debug|x86
		{E64D1E5D-7078-48A9-83EF-833C3D282F5D}.Debug|x86.Build.0 = Debug|x86
		{E64D1E5D-7078-48A9-83EF-833C3D282F5D}.Release|Any CPU.ActiveCfg = Release|Any CPU
		{E64D1E5D-7078-48A9-83EF-833C3D282F5D}.Release|Any CPU.Build.0 = Release|Any CPU
		{E64D1E5D-7078-48A9-83EF-833C3D282F5D}.Release|x86.ActiveCfg = Release|x86
		{E64D1E5D-7078-48A9-83EF-833C3D282F5D}.Release|x86.Build.0 = Release|x86
		{E90FBBAD-98DA-4A34-B620-26DA9ADDDF85}.Debug|Any CPU.ActiveCfg = Debug|Any CPU
		{E90FBBAD-98DA-4A34-B620-26DA9ADDDF85}.Debug|Any CPU.Build.0 = Debug|Any CPU
		{E90FBBAD-98DA-4A34-B620-26DA9ADDDF85}.Debug|x86.ActiveCfg = Debug|x86
		{E90FBBAD-98DA-4A34-B620-26DA9ADDDF85}.Debug|x86.Build.0 = Debug|x86
		{E90FBBAD-98DA-4A34-B620-26DA9ADDDF85}.Release|Any CPU.ActiveCfg = Release|Any CPU
		{E90FBBAD-98DA-4A34-B620-26DA9ADDDF85}.Release|Any CPU.Build.0 = Release|Any CPU
		{E90FBBAD-98DA-4A34-B620-26DA9ADDDF85}.Release|x86.ActiveCfg = Release|x86
		{E90FBBAD-98DA-4A34-B620-26DA9ADDDF85}.Release|x86.Build.0 = Release|x86
		{19063808-3340-4563-8B40-573D8DD0BABA}.Debug|Any CPU.ActiveCfg = Debug|Any CPU
		{19063808-3340-4563-8B40-573D8DD0BABA}.Debug|Any CPU.Build.0 = Debug|Any CPU
		{19063808-3340-4563-8B40-573D8DD0BABA}.Debug|x86.ActiveCfg = Debug|x86
		{19063808-3340-4563-8B40-573D8DD0BABA}.Debug|x86.Build.0 = Debug|x86
		{19063808-3340-4563-8B40-573D8DD0BABA}.Release|Any CPU.ActiveCfg = Release|Any CPU
		{19063808-3340-4563-8B40-573D8DD0BABA}.Release|Any CPU.Build.0 = Release|Any CPU
		{19063808-3340-4563-8B40-573D8DD0BABA}.Release|x86.ActiveCfg = Release|x86
		{19063808-3340-4563-8B40-573D8DD0BABA}.Release|x86.Build.0 = Release|x86
	EndGlobalSection
	GlobalSection(SolutionProperties) = preSolution
		HideSolutionNode = FALSE
	EndGlobalSection
EndGlobal
